{
  "version": 4,
  "terraform_version": "1.15.6",
  "serial": 17,
  "lineage": "19282b5f-1c60-3d38-b756-6d29486155ee",
  "outputs": {
    "fid": {
      "value": "126d73ba36617d4f0ce1f5c067426f0f7c738d28",
      "type": "string"
    },
    "filename": {
      "value": "test_auto",
      "type": "string"
    }
  },
  "resources": [
    {
      "mode": "managed",
      "type": "local_file",
      "name": "test1",
      "provider": "provider[\"registry.terraform.io/hashicorp/local\"]",
      "instances": [
        {
          "schema_version": 0,
          "attributes": {
            "content": "good job",
            "content_base64": null,
            "content_base64sha256": "O8dhKznyWw21dNJH/NqjDv7viGhaFhza0L9wKqwrkfA=",
            "content_base64sha512": "FPoEnKZPe9GOL2jE/bsT19W7PLEHwQy3nL0TQoSg8oQKyIl98hIsT+YePH/9mrzSFdANxDUzTQ4kcCqu1PoHWA==",
            "content_md5": "96e28e87f0bda1b32da0952d1c3dfb66",
            "content_sha1": "126d73ba36617d4f0ce1f5c067426f0f7c738d28",
            "content_sha256": "3bc7612b39f25b0db574d247fcdaa30efeef88685a161cdad0bf702aac2b91f0",
            "content_sha512": "14fa049ca64f7bd18e2f68c4fdbb13d7d5bb3cb107c10cb79cbd134284a0f2840ac8897df2122c4fe61e3c7ffd9abcd215d00dc435334d0e24702aaed4fa0758",
            "directory_permission": "0777",
            "file_permission": "0777",
            "filename": "test_auto",
            "id": "126d73ba36617d4f0ce1f5c067426f0f7c738d28",
            "sensitive_content": null,
            "source": null
          },
          "sensitive_attributes": [
            [
              {
                "type": "get_attr",
                "value": "sensitive_content"
              }
            ]
          ],
          "identity_schema_version": 0
        }
      ]
    }
  ],
  "check_results": null
}
